// !$*UTF8*$!
{
	archiveVersion = 1;
	classes = {
	};
	objectVersion = 46;
	objects = {

/* Begin PBXBuildFile section */
		630A0AB022417DA900A22C60 /* levelEditor.cpp in Sources */ = {isa = PBXBuildFile; fileRef = 630A0AAF22417DA900A22C60 /* levelEditor.cpp */; };
		630A0AB222417FAE00A22C60 /* updateGrid.cpp in Sources */ = {isa = PBXBuildFile; fileRef = 630A0AB122417FAE00A22C60 /* updateGrid.cpp */; };
		630A0AB4224181BA00A22C60 /* messages.cpp in Sources */ = {isa = PBXBuildFile; fileRef = 630A0AB3224181BA00A22C60 /* messages.cpp */; };
		630A0AB62241845300A22C60 /* puzzleSolver.cpp in Sources */ = {isa = PBXBuildFile; fileRef = 630A0AB52241845300A22C60 /* puzzleSolver.cpp */; };
		630A0AB8224185D000A22C60 /* keyEvent.cpp in Sources */ = {isa = PBXBuildFile; fileRef = 630A0AB7224185D000A22C60 /* keyEvent.cpp */; };
		630A0ABA2241981F00A22C60 /* setupDrawEvent.cpp in Sources */ = {isa = PBXBuildFile; fileRef = 630A0AB92241981F00A22C60 /* setupDrawEvent.cpp */; };
		630A0ABC2241992C00A22C60 /* winningAnimation.cpp in Sources */ = {isa = PBXBuildFile; fileRef = 630A0ABB2241992C00A22C60 /* winningAnimation.cpp */; };
		630A0ABE224199F400A22C60 /* mouseTouchEvent.cpp in Sources */ = {isa = PBXBuildFile; fileRef = 630A0ABD224199F400A22C60 /* mouseTouchEvent.cpp */; };
		630A0AC022419C6300A22C60 /* saves.cpp in Sources */ = {isa = PBXBuildFile; fileRef = 630A0ABF22419C6300A22C60 /* saves.cpp */; };
		630A0AC222419DCD00A22C60 /* menu.cpp in Sources */ = {isa = PBXBuildFile; fileRef = 630A0AC122419DCD00A22C60 /* menu.cpp */; };
		630A0AC422419F7C00A22C60 /* mainmenucredits.cpp in Sources */ = {isa = PBXBuildFile; fileRef = 630A0AC322419F7C00A22C60 /* mainmenucredits.cpp */; };
		630A0AC62241A19300A22C60 /* screenShake.cpp in Sources */ = {isa = PBXBuildFile; fileRef = 630A0AC52241A19300A22C60 /* screenShake.cpp */; };
		630A0AC82242A39100A22C60 /* levelGen.cpp in Sources */ = {isa = PBXBuildFile; fileRef = 630A0AC72242A39100A22C60 /* levelGen.cpp */; };
		630A0ACA2242A47900A22C60 /* parallelLevelCreation.cpp in Sources */ = {isa = PBXBuildFile; fileRef = 630A0AC92242A47900A22C60 /* parallelLevelCreation.cpp */; };
		633C89DB2248808800BA8CCA /* main.cpp in Sources */ = {isa = PBXBuildFile; fileRef = E4B69E1D0A3A1BDC003C02F2 /* main.cpp */; };
		633C89DC2248809B00BA8CCA /* ofApp.cpp in Sources */ = {isa = PBXBuildFile; fileRef = E4B69E1E0A3A1BDC003C02F2 /* ofApp.cpp */; };
		63728A9D2242D3BA005138E1 /* puzzleScriptStringToRules.cpp in Sources */ = {isa = PBXBuildFile; fileRef = 63728A9B2242D3BA005138E1 /* puzzleScriptStringToRules.cpp */; };
		6394D10A2246708E00657BA2 /* tweens.cpp in Sources */ = {isa = PBXBuildFile; fileRef = 6394D1082246708E00657BA2 /* tweens.cpp */; };
		63D37F162239ADE50067F730 /* audio.cpp in Sources */ = {isa = PBXBuildFile; fileRef = 63D37F152239ADE50067F730 /* audio.cpp */; };
		63D37F182239B4DD0067F730 /* globals.cpp in Sources */ = {isa = PBXBuildFile; fileRef = 63D37F172239B4DD0067F730 /* globals.cpp */; };
		63D37F1B2239CEDA0067F730 /* eyes.cpp in Sources */ = {isa = PBXBuildFile; fileRef = 63D37F1A2239CEDA0067F730 /* eyes.cpp */; };
		63D37F1D2239CFF40067F730 /* grid.cpp in Sources */ = {isa = PBXBuildFile; fileRef = 63D37F1C2239CFF40067F730 /* grid.cpp */; };
		63D37F1F2239D4B50067F730 /* colorScheme.cpp in Sources */ = {isa = PBXBuildFile; fileRef = 63D37F1E2239D4B50067F730 /* colorScheme.cpp */; };
		63D37F212239D68B0067F730 /* toolbar.cpp in Sources */ = {isa = PBXBuildFile; fileRef = 63D37F202239D68B0067F730 /* toolbar.cpp */; };
		63D37F252239D7DD0067F730 /* levelEditorIDE.cpp in Sources */ = {isa = PBXBuildFile; fileRef = 63D37F242239D7DD0067F730 /* levelEditorIDE.cpp */; };
		63D37F272239DA310067F730 /* levels.cpp in Sources */ = {isa = PBXBuildFile; fileRef = 63D37F262239DA310067F730 /* levels.cpp */; };
		63D37F292239EAB30067F730 /* displayLevel.cpp in Sources */ = {isa = PBXBuildFile; fileRef = 63D37F282239EAB30067F730 /* displayLevel.cpp */; };
		63D37F2C223EE3CA0067F730 /* keyMap.cpp in Sources */ = {isa = PBXBuildFile; fileRef = 63D37F2B223EE3CA0067F730 /* keyMap.cpp */; };
		63D37F2E223EEDCF0067F730 /* movement.cpp in Sources */ = {isa = PBXBuildFile; fileRef = 63D37F2D223EEDCF0067F730 /* movement.cpp */; };
		E4328149138ABC9F0047C5CB /* openFrameworksDebug.a in Frameworks */ = {isa = PBXBuildFile; fileRef = E4328148138ABC890047C5CB /* openFrameworksDebug.a */; };
/* End PBXBuildFile section */

/* Begin PBXContainerItemProxy section */
		E4328147138ABC890047C5CB /* PBXContainerItemProxy */ = {
			isa = PBXContainerItemProxy;
			containerPortal = E4328143138ABC890047C5CB /* openFrameworksLib.xcodeproj */;
			proxyType = 2;
			remoteGlobalIDString = E4B27C1510CBEB8E00536013;
			remoteInfo = openFrameworks;
		};
		E4EEB9AB138B136A00A80321 /* PBXContainerItemProxy */ = {
			isa = PBXContainerItemProxy;
			containerPortal = E4328143138ABC890047C5CB /* openFrameworksLib.xcodeproj */;
			proxyType = 1;
			remoteGlobalIDString = E4B27C1410CBEB8E00536013;
			remoteInfo = openFrameworks;
		};
/* End PBXContainerItemProxy section */

/* Begin PBXCopyFilesBuildPhase section */
		E4C2427710CC5ABF004149E2 /* CopyFiles */ = {
			isa = PBXCopyFilesBuildPhase;
			buildActionMask = 2147483647;
			dstPath = "";
			dstSubfolderSpec = 10;
			files = (
			);
			runOnlyForDeploymentPostprocessing = 0;
		};
/* End PBXCopyFilesBuildPhase section */

/* Begin PBXFileReference section */
		226889FD1C635F8A00BA5D43 /* eyes.h */ = {isa = PBXFileReference; lastKnownFileType = sourcecode.c.h; path = eyes.h; sourceTree = "<group>"; };
		228A4F5C1C48380100D11AB9 /* menu.h */ = {isa = PBXFileReference; lastKnownFileType = sourcecode.c.h; path = menu.h; sourceTree = "<group>"; };
		22A39D901C5387FA0007A506 /* saves.h */ = {isa = PBXFileReference; lastKnownFileType = sourcecode.c.h; path = saves.h; sourceTree = "<group>"; };
		22CAB9B31C3E73DD00724B49 /* colorScheme.h */ = {isa = PBXFileReference; fileEncoding = 4; lastKnownFileType = sourcecode.c.h; path = colorScheme.h; sourceTree = "<group>"; };
		22CAB9B41C3E73DD00724B49 /* displayLevel.h */ = {isa = PBXFileReference; fileEncoding = 4; lastKnownFileType = sourcecode.c.h; path = displayLevel.h; sourceTree = "<group>"; };
		22CAB9B51C3E73DD00724B49 /* grid.h */ = {isa = PBXFileReference; fileEncoding = 4; lastKnownFileType = sourcecode.c.h; path = grid.h; sourceTree = "<group>"; };
		22CAB9B71C3E73DD00724B49 /* keyMap.h */ = {isa = PBXFileReference; fileEncoding = 4; lastKnownFileType = sourcecode.c.h; path = keyMap.h; sourceTree = "<group>"; };
		22CAB9B81C3E73DD00724B49 /* levelEditor.h */ = {isa = PBXFileReference; fileEncoding = 4; lastKnownFileType = sourcecode.c.h; path = levelEditor.h; sourceTree = "<group>"; };
		22CAB9B91C3E73DD00724B49 /* levels.h */ = {isa = PBXFileReference; fileEncoding = 4; lastKnownFileType = sourcecode.c.h; path = levels.h; sourceTree = "<group>"; };
		22CAB9BB1C3E73DD00724B49 /* puzzleSolver.h */ = {isa = PBXFileReference; fileEncoding = 4; lastKnownFileType = sourcecode.c.h; path = puzzleSolver.h; sourceTree = "<group>"; };
		22CAB9BC1C3E73DD00724B49 /* updateGrid.h */ = {isa = PBXFileReference; fileEncoding = 4; lastKnownFileType = sourcecode.c.h; path = updateGrid.h; sourceTree = "<group>"; };
		630A0AAF22417DA900A22C60 /* levelEditor.cpp */ = {isa = PBXFileReference; lastKnownFileType = sourcecode.cpp.cpp; path = levelEditor.cpp; sourceTree = "<group>"; };
		630A0AB122417FAE00A22C60 /* updateGrid.cpp */ = {isa = PBXFileReference; lastKnownFileType = sourcecode.cpp.cpp; path = updateGrid.cpp; sourceTree = "<group>"; };
		630A0AB3224181BA00A22C60 /* messages.cpp */ = {isa = PBXFileReference; lastKnownFileType = sourcecode.cpp.cpp; path = messages.cpp; sourceTree = "<group>"; };
		630A0AB52241845300A22C60 /* puzzleSolver.cpp */ = {isa = PBXFileReference; lastKnownFileType = sourcecode.cpp.cpp; path = puzzleSolver.cpp; sourceTree = "<group>"; };
		630A0AB7224185D000A22C60 /* keyEvent.cpp */ = {isa = PBXFileReference; lastKnownFileType = sourcecode.cpp.cpp; path = keyEvent.cpp; sourceTree = "<group>"; };
		630A0AB92241981F00A22C60 /* setupDrawEvent.cpp */ = {isa = PBXFileReference; lastKnownFileType = sourcecode.cpp.cpp; path = setupDrawEvent.cpp; sourceTree = "<group>"; };
		630A0ABB2241992C00A22C60 /* winningAnimation.cpp */ = {isa = PBXFileReference; lastKnownFileType = sourcecode.cpp.cpp; path = winningAnimation.cpp; sourceTree = "<group>"; };
		630A0ABD224199F400A22C60 /* mouseTouchEvent.cpp */ = {isa = PBXFileReference; lastKnownFileType = sourcecode.cpp.cpp; path = mouseTouchEvent.cpp; sourceTree = "<group>"; };
		630A0ABF22419C6300A22C60 /* saves.cpp */ = {isa = PBXFileReference; lastKnownFileType = sourcecode.cpp.cpp; path = saves.cpp; sourceTree = "<group>"; };
		630A0AC122419DCD00A22C60 /* menu.cpp */ = {isa = PBXFileReference; lastKnownFileType = sourcecode.cpp.cpp; path = menu.cpp; sourceTree = "<group>"; };
		630A0AC322419F7C00A22C60 /* mainmenucredits.cpp */ = {isa = PBXFileReference; lastKnownFileType = sourcecode.cpp.cpp; path = mainmenucredits.cpp; sourceTree = "<group>"; };
		630A0AC52241A19300A22C60 /* screenShake.cpp */ = {isa = PBXFileReference; lastKnownFileType = sourcecode.cpp.cpp; path = screenShake.cpp; sourceTree = "<group>"; };
		630A0AC72242A39100A22C60 /* levelGen.cpp */ = {isa = PBXFileReference; lastKnownFileType = sourcecode.cpp.cpp; path = levelGen.cpp; sourceTree = "<group>"; };
		630A0AC92242A47900A22C60 /* parallelLevelCreation.cpp */ = {isa = PBXFileReference; lastKnownFileType = sourcecode.cpp.cpp; path = parallelLevelCreation.cpp; sourceTree = "<group>"; };
		631249761F86206A00BBA1A9 /* hopscotch_set.h */ = {isa = PBXFileReference; lastKnownFileType = sourcecode.c.h; path = hopscotch_set.h; sourceTree = "<group>"; };
		631249771F86206A00BBA1A9 /* hopscotch_hash.h */ = {isa = PBXFileReference; lastKnownFileType = sourcecode.c.h; path = hopscotch_hash.h; sourceTree = "<group>"; };
		63308D601F667BE0007D3C5C /* levelGen.h */ = {isa = PBXFileReference; lastKnownFileType = sourcecode.c.h; path = levelGen.h; sourceTree = "<group>"; };
		63308D611F66E8DC007D3C5C /* parallelLevelCreation.h */ = {isa = PBXFileReference; lastKnownFileType = sourcecode.c.h; path = parallelLevelCreation.h; sourceTree = "<group>"; };
		63308D661F66EFFD007D3C5C /* main2.cpp */ = {isa = PBXFileReference; lastKnownFileType = sourcecode.cpp.cpp; path = main2.cpp; sourceTree = "<group>"; };
		63308D681F66F289007D3C5C /* globals.h */ = {isa = PBXFileReference; fileEncoding = 4; lastKnownFileType = sourcecode.c.h; path = globals.h; sourceTree = "<group>"; };
		634057331F6EE2B600B736BC /* mainmenucredits.h */ = {isa = PBXFileReference; lastKnownFileType = sourcecode.c.h; path = mainmenucredits.h; sourceTree = "<group>"; };
		635462FC1EA425B900B973D0 /* keyEvent.h */ = {isa = PBXFileReference; lastKnownFileType = sourcecode.c.h; path = keyEvent.h; sourceTree = "<group>"; };
		635462FD1EA4285100B973D0 /* setupDrawEvent.h */ = {isa = PBXFileReference; lastKnownFileType = sourcecode.c.h; path = setupDrawEvent.h; sourceTree = "<group>"; };
		635463211EA42DB100B973D0 /* data */ = {isa = PBXFileReference; lastKnownFileType = folder; name = data; path = bin/data; sourceTree = SOURCE_ROOT; };
		63728A9A2242D0E1005138E1 /* movement.h */ = {isa = PBXFileReference; fileEncoding = 4; lastKnownFileType = sourcecode.c.h; path = movement.h; sourceTree = "<group>"; };
		63728A9B2242D3BA005138E1 /* puzzleScriptStringToRules.cpp */ = {isa = PBXFileReference; lastKnownFileType = sourcecode.cpp.cpp; path = puzzleScriptStringToRules.cpp; sourceTree = "<group>"; };
		63728A9C2242D3BA005138E1 /* puzzleScriptStringToRules.h */ = {isa = PBXFileReference; lastKnownFileType = sourcecode.c.h; path = puzzleScriptStringToRules.h; sourceTree = "<group>"; };
		63807F7C1F6C51F500BFBBFE /* screenShake.h */ = {isa = PBXFileReference; lastKnownFileType = sourcecode.c.h; path = screenShake.h; sourceTree = "<group>"; };
		6380CB8A1EAAC73500C8C260 /* winningAnimation.h */ = {isa = PBXFileReference; lastKnownFileType = sourcecode.c.h; path = winningAnimation.h; sourceTree = "<group>"; };
		6380CB8B1EAAC95700C8C260 /* mouseTouchEvent.h */ = {isa = PBXFileReference; fileEncoding = 4; lastKnownFileType = sourcecode.c.h; path = mouseTouchEvent.h; sourceTree = "<group>"; };
		6380CB8C1EAACA0900C8C260 /* TODO.rtf */ = {isa = PBXFileReference; fileEncoding = 4; lastKnownFileType = text.rtf; path = TODO.rtf; sourceTree = "<group>"; };
		6380CB8D1EAACF6F00C8C260 /* toolbar.h */ = {isa = PBXFileReference; lastKnownFileType = sourcecode.c.h; path = toolbar.h; sourceTree = "<group>"; };
		6394D1082246708E00657BA2 /* tweens.cpp */ = {isa = PBXFileReference; lastKnownFileType = sourcecode.cpp.cpp; path = tweens.cpp; sourceTree = "<group>"; };
		6394D1092246708E00657BA2 /* tweens.h */ = {isa = PBXFileReference; lastKnownFileType = sourcecode.c.h; path = tweens.h; sourceTree = "<group>"; };
		63A725341D69DBC200F8BC0A /* messages.h */ = {isa = PBXFileReference; lastKnownFileType = sourcecode.c.h; path = messages.h; sourceTree = "<group>"; };
		63CDFA5C1DAA539E00454DE3 /* audio.h */ = {isa = PBXFileReference; lastKnownFileType = sourcecode.c.h; path = audio.h; sourceTree = "<group>"; };
		63D23B6E223440AF00DED9F3 /* levelEditorIDE.h */ = {isa = PBXFileReference; lastKnownFileType = sourcecode.c.h; path = levelEditorIDE.h; sourceTree = "<group>"; };
		63D37F152239ADE50067F730 /* audio.cpp */ = {isa = PBXFileReference; lastKnownFileType = sourcecode.cpp.cpp; path = audio.cpp; sourceTree = "<group>"; };
		63D37F172239B4DD0067F730 /* globals.cpp */ = {isa = PBXFileReference; lastKnownFileType = sourcecode.cpp.cpp; path = globals.cpp; sourceTree = "<group>"; };
		63D37F192239C16E0067F730 /* bitsstdc.h */ = {isa = PBXFileReference; lastKnownFileType = sourcecode.c.h; path = bitsstdc.h; sourceTree = "<group>"; };
		63D37F1A2239CEDA0067F730 /* eyes.cpp */ = {isa = PBXFileReference; lastKnownFileType = sourcecode.cpp.cpp; path = eyes.cpp; sourceTree = "<group>"; };
		63D37F1C2239CFF40067F730 /* grid.cpp */ = {isa = PBXFileReference; lastKnownFileType = sourcecode.cpp.cpp; path = grid.cpp; sourceTree = "<group>"; };
		63D37F1E2239D4B50067F730 /* colorScheme.cpp */ = {isa = PBXFileReference; lastKnownFileType = sourcecode.cpp.cpp; path = colorScheme.cpp; sourceTree = "<group>"; };
		63D37F202239D68B0067F730 /* toolbar.cpp */ = {isa = PBXFileReference; lastKnownFileType = sourcecode.cpp.cpp; path = toolbar.cpp; sourceTree = "<group>"; };
		63D37F242239D7DD0067F730 /* levelEditorIDE.cpp */ = {isa = PBXFileReference; lastKnownFileType = sourcecode.cpp.cpp; path = levelEditorIDE.cpp; sourceTree = "<group>"; };
		63D37F262239DA310067F730 /* levels.cpp */ = {isa = PBXFileReference; lastKnownFileType = sourcecode.cpp.cpp; path = levels.cpp; sourceTree = "<group>"; };
		63D37F282239EAB30067F730 /* displayLevel.cpp */ = {isa = PBXFileReference; lastKnownFileType = sourcecode.cpp.cpp; path = displayLevel.cpp; sourceTree = "<group>"; };
		63D37F2A2239ECF90067F730 /* macros.h */ = {isa = PBXFileReference; lastKnownFileType = sourcecode.c.h; path = macros.h; sourceTree = "<group>"; };
		63D37F2B223EE3CA0067F730 /* keyMap.cpp */ = {isa = PBXFileReference; lastKnownFileType = sourcecode.cpp.cpp; path = keyMap.cpp; sourceTree = "<group>"; };
		63D37F2D223EEDCF0067F730 /* movement.cpp */ = {isa = PBXFileReference; lastKnownFileType = sourcecode.cpp.cpp; path = movement.cpp; sourceTree = "<group>"; };
		E4328143138ABC890047C5CB /* openFrameworksLib.xcodeproj */ = {isa = PBXFileReference; lastKnownFileType = "wrapper.pb-project"; name = openFrameworksLib.xcodeproj; path = ../../../libs/openFrameworksCompiled/project/osx/openFrameworksLib.xcodeproj; sourceTree = SOURCE_ROOT; };
		E4B69B5B0A3A1756003C02F2 /* trapPuzzler3Debug.app */ = {isa = PBXFileReference; explicitFileType = wrapper.application; includeInIndex = 0; path = trapPuzzler3Debug.app; sourceTree = BUILT_PRODUCTS_DIR; };
		E4B69E1D0A3A1BDC003C02F2 /* main.cpp */ = {isa = PBXFileReference; fileEncoding = 30; lastKnownFileType = sourcecode.cpp.cpp; name = main.cpp; path = src/main.cpp; sourceTree = SOURCE_ROOT; };
		E4B69E1E0A3A1BDC003C02F2 /* ofApp.cpp */ = {isa = PBXFileReference; explicitFileType = sourcecode.cpp.cpp; fileEncoding = 30; name = ofApp.cpp; path = src/ofApp.cpp; sourceTree = SOURCE_ROOT; };
		E4B69E1F0A3A1BDC003C02F2 /* ofApp.h */ = {isa = PBXFileReference; fileEncoding = 30; lastKnownFileType = sourcecode.c.h; name = ofApp.h; path = src/ofApp.h; sourceTree = SOURCE_ROOT; };
		E4B6FCAD0C3E899E008CF71C /* openFrameworks-Info.plist */ = {isa = PBXFileReference; fileEncoding = 30; lastKnownFileType = text.plist.xml; path = "openFrameworks-Info.plist"; sourceTree = "<group>"; };
		E4EB691F138AFCF100A09F29 /* CoreOF.xcconfig */ = {isa = PBXFileReference; fileEncoding = 4; lastKnownFileType = text.xcconfig; name = CoreOF.xcconfig; path = ../../../libs/openFrameworksCompiled/project/osx/CoreOF.xcconfig; sourceTree = SOURCE_ROOT; };
		E4EB6923138AFD0F00A09F29 /* Project.xcconfig */ = {isa = PBXFileReference; fileEncoding = 4; lastKnownFileType = text.xcconfig; path = Project.xcconfig; sourceTree = "<group>"; };
/* End PBXFileReference section */

/* Begin PBXFrameworksBuildPhase section */
		E4B69B590A3A1756003C02F2 /* Frameworks */ = {
			isa = PBXFrameworksBuildPhase;
			buildActionMask = 2147483647;
			files = (
				E4328149138ABC9F0047C5CB /* openFrameworksDebug.a in Frameworks */,
			);
			runOnlyForDeploymentPostprocessing = 0;
		};
/* End PBXFrameworksBuildPhase section */

/* Begin PBXGroup section */
		6948EE371B920CB800B5AC1A /* local_addons */ = {
			isa = PBXGroup;
			children = (
			);
			name = local_addons;
			sourceTree = "<group>";
		};
		BB4B014C10F69532006C3DED /* addons */ = {
			isa = PBXGroup;
			children = (
			);
			name = addons;
			sourceTree = "<group>";
		};
		E4328144138ABC890047C5CB /* Products */ = {
			isa = PBXGroup;
			children = (
				E4328148138ABC890047C5CB /* openFrameworksDebug.a */,
			);
			name = Products;
			sourceTree = "<group>";
		};
		E4B69B4A0A3A1720003C02F2 = {
			isa = PBXGroup;
			children = (
				E4B6FCAD0C3E899E008CF71C /* openFrameworks-Info.plist */,
				E4EB6923138AFD0F00A09F29 /* Project.xcconfig */,
				E4B69E1C0A3A1BDC003C02F2 /* src */,
				E4EEC9E9138DF44700A80321 /* openFrameworks */,
				BB4B014C10F69532006C3DED /* addons */,
				6948EE371B920CB800B5AC1A /* local_addons */,
				E4B69B5B0A3A1756003C02F2 /* trapPuzzler3Debug.app */,
			);
			sourceTree = "<group>";
		};
		E4B69E1C0A3A1BDC003C02F2 /* src */ = {
			isa = PBXGroup;
			children = (
				635463211EA42DB100B973D0 /* data */,
				E4B69E1D0A3A1BDC003C02F2 /* main.cpp */,
				E4B69E1E0A3A1BDC003C02F2 /* ofApp.cpp */,
				E4B69E1F0A3A1BDC003C02F2 /* ofApp.h */,
				63D37F192239C16E0067F730 /* bitsstdc.h */,
				63D37F2A2239ECF90067F730 /* macros.h */,
				63CDFA5C1DAA539E00454DE3 /* audio.h */,
				63D37F152239ADE50067F730 /* audio.cpp */,
				22CAB9B31C3E73DD00724B49 /* colorScheme.h */,
				63D37F1E2239D4B50067F730 /* colorScheme.cpp */,
				22CAB9B41C3E73DD00724B49 /* displayLevel.h */,
				63D37F282239EAB30067F730 /* displayLevel.cpp */,
				226889FD1C635F8A00BA5D43 /* eyes.h */,
				63D37F1A2239CEDA0067F730 /* eyes.cpp */,
				63308D681F66F289007D3C5C /* globals.h */,
				63D37F172239B4DD0067F730 /* globals.cpp */,
				22CAB9B51C3E73DD00724B49 /* grid.h */,
				63D37F1C2239CFF40067F730 /* grid.cpp */,
				635462FC1EA425B900B973D0 /* keyEvent.h */,
				630A0AB7224185D000A22C60 /* keyEvent.cpp */,
				22CAB9B71C3E73DD00724B49 /* keyMap.h */,
				63D37F2B223EE3CA0067F730 /* keyMap.cpp */,
				22CAB9B81C3E73DD00724B49 /* levelEditor.h */,
				630A0AAF22417DA900A22C60 /* levelEditor.cpp */,
				63D23B6E223440AF00DED9F3 /* levelEditorIDE.h */,
				63D37F242239D7DD0067F730 /* levelEditorIDE.cpp */,
				22CAB9B91C3E73DD00724B49 /* levels.h */,
				63D37F262239DA310067F730 /* levels.cpp */,
				634057331F6EE2B600B736BC /* mainmenucredits.h */,
				630A0AC322419F7C00A22C60 /* mainmenucredits.cpp */,
				228A4F5C1C48380100D11AB9 /* menu.h */,
				630A0AC122419DCD00A22C60 /* menu.cpp */,
				63A725341D69DBC200F8BC0A /* messages.h */,
				630A0AB3224181BA00A22C60 /* messages.cpp */,
				6380CB8B1EAAC95700C8C260 /* mouseTouchEvent.h */,
				630A0ABD224199F400A22C60 /* mouseTouchEvent.cpp */,
				63728A9A2242D0E1005138E1 /* movement.h */,
				63D37F2D223EEDCF0067F730 /* movement.cpp */,
				63728A9C2242D3BA005138E1 /* puzzleScriptStringToRules.h */,
				63728A9B2242D3BA005138E1 /* puzzleScriptStringToRules.cpp */,
				22A39D901C5387FA0007A506 /* saves.h */,
				630A0ABF22419C6300A22C60 /* saves.cpp */,
				63807F7C1F6C51F500BFBBFE /* screenShake.h */,
				630A0AC52241A19300A22C60 /* screenShake.cpp */,
				635462FD1EA4285100B973D0 /* setupDrawEvent.h */,
				630A0AB92241981F00A22C60 /* setupDrawEvent.cpp */,
				6394D1092246708E00657BA2 /* tweens.h */,
				6394D1082246708E00657BA2 /* tweens.cpp */,
				6380CB8D1EAACF6F00C8C260 /* toolbar.h */,
				63D37F202239D68B0067F730 /* toolbar.cpp */,
				22CAB9BC1C3E73DD00724B49 /* updateGrid.h */,
				630A0AB122417FAE00A22C60 /* updateGrid.cpp */,
				6380CB8A1EAAC73500C8C260 /* winningAnimation.h */,
				630A0ABB2241992C00A22C60 /* winningAnimation.cpp */,
				63308D661F66EFFD007D3C5C /* main2.cpp */,
				22CAB9BB1C3E73DD00724B49 /* puzzleSolver.h */,
				630A0AB52241845300A22C60 /* puzzleSolver.cpp */,
				63308D601F667BE0007D3C5C /* levelGen.h */,
				630A0AC72242A39100A22C60 /* levelGen.cpp */,
				63308D611F66E8DC007D3C5C /* parallelLevelCreation.h */,
				630A0AC92242A47900A22C60 /* parallelLevelCreation.cpp */,
				631249771F86206A00BBA1A9 /* hopscotch_hash.h */,
				631249761F86206A00BBA1A9 /* hopscotch_set.h */,
				6380CB8C1EAACA0900C8C260 /* TODO.rtf */,
			);
			path = src;
			sourceTree = SOURCE_ROOT;
		};
		E4EEC9E9138DF44700A80321 /* openFrameworks */ = {
			isa = PBXGroup;
			children = (
				E4EB691F138AFCF100A09F29 /* CoreOF.xcconfig */,
				E4328143138ABC890047C5CB /* openFrameworksLib.xcodeproj */,
			);
			name = openFrameworks;
			sourceTree = "<group>";
		};
/* End PBXGroup section */

/* Begin PBXNativeTarget section */
		E4B69B5A0A3A1756003C02F2 /* trapPuzzler3 */ = {
			isa = PBXNativeTarget;
			buildConfigurationList = E4B69B5F0A3A1757003C02F2 /* Build configuration list for PBXNativeTarget "trapPuzzler3" */;
			buildPhases = (
				E4B69B580A3A1756003C02F2 /* Sources */,
				E4B69B590A3A1756003C02F2 /* Frameworks */,
				E4B6FFFD0C3F9AB9008CF71C /* ShellScript */,
				E4C2427710CC5ABF004149E2 /* CopyFiles */,
			);
			buildRules = (
			);
			dependencies = (
				E4EEB9AC138B136A00A80321 /* PBXTargetDependency */,
			);
			name = trapPuzzler3;
			productName = myOFApp;
			productReference = E4B69B5B0A3A1756003C02F2 /* trapPuzzler3Debug.app */;
			productType = "com.apple.product-type.application";
		};
/* End PBXNativeTarget section */

/* Begin PBXProject section */
		E4B69B4C0A3A1720003C02F2 /* Project object */ = {
			isa = PBXProject;
			attributes = {
				LastUpgradeCheck = 0820;
			};
			buildConfigurationList = E4B69B4D0A3A1720003C02F2 /* Build configuration list for PBXProject "trapPuzzler3" */;
			compatibilityVersion = "Xcode 3.2";
			developmentRegion = English;
			hasScannedForEncodings = 0;
			knownRegions = (
				English,
				Japanese,
				French,
				German,
			);
			mainGroup = E4B69B4A0A3A1720003C02F2;
			productRefGroup = E4B69B4A0A3A1720003C02F2;
			projectDirPath = "";
			projectReferences = (
				{
					ProductGroup = E4328144138ABC890047C5CB /* Products */;
					ProjectRef = E4328143138ABC890047C5CB /* openFrameworksLib.xcodeproj */;
				},
			);
			projectRoot = "";
			targets = (
				E4B69B5A0A3A1756003C02F2 /* trapPuzzler3 */,
			);
		};
/* End PBXProject section */

/* Begin PBXReferenceProxy section */
		E4328148138ABC890047C5CB /* openFrameworksDebug.a */ = {
			isa = PBXReferenceProxy;
			fileType = archive.ar;
			path = openFrameworksDebug.a;
			remoteRef = E4328147138ABC890047C5CB /* PBXContainerItemProxy */;
			sourceTree = BUILT_PRODUCTS_DIR;
		};
/* End PBXReferenceProxy section */

/* Begin PBXShellScriptBuildPhase section */
		E4B6FFFD0C3F9AB9008CF71C /* ShellScript */ = {
			isa = PBXShellScriptBuildPhase;
			buildActionMask = 2147483647;
			files = (
			);
			inputPaths = (
			);
			outputPaths = (
			);
			runOnlyForDeploymentPostprocessing = 0;
			shellPath = /bin/sh;
			shellScript = "rsync -aved ../../../libs/fmodex/lib/osx/libfmodex.dylib \"$TARGET_BUILD_DIR/$PRODUCT_NAME.app/Contents/MacOS/\"; install_name_tool -change ./libfmodex.dylib @executable_path/libfmodex.dylib \"$TARGET_BUILD_DIR/$PRODUCT_NAME.app/Contents/MacOS/$PRODUCT_NAME\";\nmkdir -p \"$TARGET_BUILD_DIR/$PRODUCT_NAME.app/Contents/Resources/\"\nrsync -aved \"$ICON_FILE\" \"$TARGET_BUILD_DIR/$PRODUCT_NAME.app/Contents/Resources/\"\nrsync -aved ../../../libs/glut/lib/osx/GLUT.framework \"$TARGET_BUILD_DIR/$PRODUCT_NAME.app/Contents/Frameworks/\"\ncp -r bin/data \"$TARGET_BUILD_DIR/$PRODUCT_NAME.app/Contents/Resources\";";
		};
/* End PBXShellScriptBuildPhase section */

/* Begin PBXSourcesBuildPhase section */
		E4B69B580A3A1756003C02F2 /* Sources */ = {
			isa = PBXSourcesBuildPhase;
			buildActionMask = 2147483647;
			files = (
				63D37F272239DA310067F730 /* levels.cpp in Sources */,
				630A0ABE224199F400A22C60 /* mouseTouchEvent.cpp in Sources */,
				63728A9D2242D3BA005138E1 /* puzzleScriptStringToRules.cpp in Sources */,
				630A0AB62241845300A22C60 /* puzzleSolver.cpp in Sources */,
				63D37F182239B4DD0067F730 /* globals.cpp in Sources */,
				6394D10A2246708E00657BA2 /* tweens.cpp in Sources */,
				630A0AC022419C6300A22C60 /* saves.cpp in Sources */,
				630A0ABC2241992C00A22C60 /* winningAnimation.cpp in Sources */,
				63D37F252239D7DD0067F730 /* levelEditorIDE.cpp in Sources */,
				63D37F1F2239D4B50067F730 /* colorScheme.cpp in Sources */,
				630A0AB8224185D000A22C60 /* keyEvent.cpp in Sources */,
				630A0AB4224181BA00A22C60 /* messages.cpp in Sources */,
				630A0AB022417DA900A22C60 /* levelEditor.cpp in Sources */,
				63D37F292239EAB30067F730 /* displayLevel.cpp in Sources */,
				63D37F162239ADE50067F730 /* audio.cpp in Sources */,
				63D37F1B2239CEDA0067F730 /* eyes.cpp in Sources */,
				630A0ABA2241981F00A22C60 /* setupDrawEvent.cpp in Sources */,
				630A0AC62241A19300A22C60 /* screenShake.cpp in Sources */,
				63D37F1D2239CFF40067F730 /* grid.cpp in Sources */,
				630A0ACA2242A47900A22C60 /* parallelLevelCreation.cpp in Sources */,
				630A0AC82242A39100A22C60 /* levelGen.cpp in Sources */,
				63D37F2E223EEDCF0067F730 /* movement.cpp in Sources */,
				63D37F2C223EE3CA0067F730 /* keyMap.cpp in Sources */,
				630A0AC422419F7C00A22C60 /* mainmenucredits.cpp in Sources */,
				630A0AC222419DCD00A22C60 /* menu.cpp in Sources */,
				63D37F212239D68B0067F730 /* toolbar.cpp in Sources */,
				630A0AB222417FAE00A22C60 /* updateGrid.cpp in Sources */,
				633C89DB2248808800BA8CCA /* main.cpp in Sources */,
				633C89DC2248809B00BA8CCA /* ofApp.cpp in Sources */,
			);
			runOnlyForDeploymentPostprocessing = 0;
		};
/* End PBXSourcesBuildPhase section */

/* Begin PBXTargetDependency section */
		E4EEB9AC138B136A00A80321 /* PBXTargetDependency */ = {
			isa = PBXTargetDependency;
			name = openFrameworks;
			targetProxy = E4EEB9AB138B136A00A80321 /* PBXContainerItemProxy */;
		};
/* End PBXTargetDependency section */

/* Begin XCBuildConfiguration section */
		E4B69B4E0A3A1720003C02F2 /* Debug */ = {
			isa = XCBuildConfiguration;
			baseConfigurationReference = E4EB6923138AFD0F00A09F29 /* Project.xcconfig */;
			buildSettings = {
				CLANG_ANALYZER_LOCALIZABILITY_NONLOCALIZED = YES;
				CLANG_WARN_BOOL_CONVERSION = YES;
				CLANG_WARN_CONSTANT_CONVERSION = YES;
				CLANG_WARN_EMPTY_BODY = YES;
				CLANG_WARN_ENUM_CONVERSION = YES;
				CLANG_WARN_INFINITE_RECURSION = YES;
				CLANG_WARN_INT_CONVERSION = YES;
				CLANG_WARN_SUSPICIOUS_MOVE = YES;
				CLANG_WARN_UNREACHABLE_CODE = YES;
				CLANG_WARN__DUPLICATE_METHOD_MATCH = YES;
				CONFIGURATION_BUILD_DIR = "$(SRCROOT)/bin/";
				COPY_PHASE_STRIP = NO;
				DEAD_CODE_STRIPPING = YES;
				ENABLE_STRICT_OBJC_MSGSEND = YES;
				ENABLE_TESTABILITY = YES;
				GCC_AUTO_VECTORIZATION = YES;
				GCC_ENABLE_SSE3_EXTENSIONS = YES;
				GCC_ENABLE_SUPPLEMENTAL_SSE3_INSTRUCTIONS = YES;
				GCC_INLINES_ARE_PRIVATE_EXTERN = NO;
				GCC_NO_COMMON_BLOCKS = YES;
				GCC_OPTIMIZATION_LEVEL = 0;
				GCC_SYMBOLS_PRIVATE_EXTERN = NO;
				GCC_WARN_64_TO_32_BIT_CONVERSION = YES;
				GCC_WARN_ABOUT_DEPRECATED_FUNCTIONS = YES;
				GCC_WARN_ABOUT_INVALID_OFFSETOF_MACRO = NO;
				GCC_WARN_ABOUT_RETURN_TYPE = YES;
				GCC_WARN_ALLOW_INCOMPLETE_PROTOCOL = NO;
				GCC_WARN_UNDECLARED_SELECTOR = YES;
				GCC_WARN_UNINITIALIZED_AUTOS = NO;
				GCC_WARN_UNUSED_FUNCTION = YES;
				GCC_WARN_UNUSED_VALUE = NO;
				GCC_WARN_UNUSED_VARIABLE = NO;
				MACOSX_DEPLOYMENT_TARGET = 10.8;
				ONLY_ACTIVE_ARCH = YES;
				OTHER_CPLUSPLUSFLAGS = (
					"-D__MACOSX_CORE__",
					"-mtune=native",
				);
				SDKROOT = macosx;
			};
			name = Debug;
		};
		E4B69B4F0A3A1720003C02F2 /* Release */ = {
			isa = XCBuildConfiguration;
			baseConfigurationReference = E4EB6923138AFD0F00A09F29 /* Project.xcconfig */;
			buildSettings = {
				CLANG_ANALYZER_LOCALIZABILITY_NONLOCALIZED = YES;
				CLANG_WARN_BOOL_CONVERSION = YES;
				CLANG_WARN_CONSTANT_CONVERSION = YES;
				CLANG_WARN_EMPTY_BODY = YES;
				CLANG_WARN_ENUM_CONVERSION = YES;
				CLANG_WARN_INFINITE_RECURSION = YES;
				CLANG_WARN_INT_CONVERSION = YES;
				CLANG_WARN_SUSPICIOUS_MOVE = YES;
				CLANG_WARN_UNREACHABLE_CODE = YES;
				CLANG_WARN__DUPLICATE_METHOD_MATCH = YES;
				CONFIGURATION_BUILD_DIR = "$(SRCROOT)/bin/";
				COPY_PHASE_STRIP = YES;
				DEAD_CODE_STRIPPING = YES;
				ENABLE_STRICT_OBJC_MSGSEND = YES;
				GCC_AUTO_VECTORIZATION = YES;
				GCC_ENABLE_SSE3_EXTENSIONS = YES;
				GCC_ENABLE_SUPPLEMENTAL_SSE3_INSTRUCTIONS = YES;
				GCC_INLINES_ARE_PRIVATE_EXTERN = NO;
				GCC_NO_COMMON_BLOCKS = YES;
				GCC_OPTIMIZATION_LEVEL = 3;
				GCC_SYMBOLS_PRIVATE_EXTERN = NO;
				GCC_UNROLL_LOOPS = YES;
				GCC_WARN_64_TO_32_BIT_CONVERSION = YES;
				GCC_WARN_ABOUT_DEPRECATED_FUNCTIONS = YES;
				GCC_WARN_ABOUT_INVALID_OFFSETOF_MACRO = NO;
				GCC_WARN_ABOUT_RETURN_TYPE = YES;
				GCC_WARN_ALLOW_INCOMPLETE_PROTOCOL = NO;
				GCC_WARN_UNDECLARED_SELECTOR = YES;
				GCC_WARN_UNINITIALIZED_AUTOS = NO;
				GCC_WARN_UNUSED_FUNCTION = YES;
				GCC_WARN_UNUSED_VALUE = NO;
				GCC_WARN_UNUSED_VARIABLE = NO;
				MACOSX_DEPLOYMENT_TARGET = 10.8;
				OTHER_CPLUSPLUSFLAGS = (
					"-D__MACOSX_CORE__",
					"-mtune=native",
				);
				SDKROOT = macosx;
			};
			name = Release;
		};
		E4B69B600A3A1757003C02F2 /* Debug */ = {
			isa = XCBuildConfiguration;
			baseConfigurationReference = E4EB6923138AFD0F00A09F29 /* Project.xcconfig */;
			buildSettings = {
				COMBINE_HIDPI_IMAGES = YES;
				COPY_PHASE_STRIP = NO;
				FRAMEWORK_SEARCH_PATHS = (
					"$(inherited)",
					"$(FRAMEWORK_SEARCH_PATHS_QUOTED_FOR_TARGET_1)",
				);
				FRAMEWORK_SEARCH_PATHS_QUOTED_FOR_TARGET_1 = "\"$(SRCROOT)/../../../libs/glut/lib/osx\"";
				GCC_DYNAMIC_NO_PIC = NO;
				GCC_GENERATE_DEBUGGING_SYMBOLS = YES;
				GCC_MODEL_TUNING = NONE;
				ICON = "$(ICON_NAME_DEBUG)";
				ICON_FILE = "$(ICON_FILE_PATH)$(ICON)";
				INFOPLIST_FILE = "openFrameworks-Info.plist";
				INSTALL_PATH = "$(HOME)/Applications";
				LIBRARY_SEARCH_PATHS = "$(inherited)";
				PRODUCT_BUNDLE_IDENTIFIER = cc.openFrameworks.ofapp;
				PRODUCT_NAME = "$(TARGET_NAME)Debug";
				WRAPPER_EXTENSION = app;
			};
			name = Debug;
		};
		E4B69B610A3A1757003C02F2 /* Release */ = {
			isa = XCBuildConfiguration;
			baseConfigurationReference = E4EB6923138AFD0F00A09F29 /* Project.xcconfig */;
			buildSettings = {
				COMBINE_HIDPI_IMAGES = YES;
				COPY_PHASE_STRIP = YES;
				FRAMEWORK_SEARCH_PATHS = (
					"$(inherited)",
					"$(FRAMEWORK_SEARCH_PATHS_QUOTED_FOR_TARGET_1)",
				);
				FRAMEWORK_SEARCH_PATHS_QUOTED_FOR_TARGET_1 = "\"$(SRCROOT)/../../../libs/glut/lib/osx\"";
				GCC_GENERATE_DEBUGGING_SYMBOLS = YES;
				GCC_MODEL_TUNING = NONE;
				ICON = "$(ICON_NAME_RELEASE)";
				ICON_FILE = "$(ICON_FILE_PATH)$(ICON)";
				INFOPLIST_FILE = "openFrameworks-Info.plist";
				INSTALL_PATH = "$(HOME)/Applications";
				LIBRARY_SEARCH_PATHS = "$(inherited)";
				PRODUCT_BUNDLE_IDENTIFIER = cc.openFrameworks.ofapp;
				PRODUCT_NAME = "$(TARGET_NAME)";
				WRAPPER_EXTENSION = app;
				baseConfigurationReference = E4EB6923138AFD0F00A09F29;
			};
			name = Release;
		};
/* End XCBuildConfiguration section */

/* Begin XCConfigurationList section */
		E4B69B4D0A3A1720003C02F2 /* Build configuration list for PBXProject "trapPuzzler3" */ = {
			isa = XCConfigurationList;
			buildConfigurations = (
				E4B69B4E0A3A1720003C02F2 /* Debug */,
				E4B69B4F0A3A1720003C02F2 /* Release */,
			);
			defaultConfigurationIsVisible = 0;
			defaultConfigurationName = Release;
		};
		E4B69B5F0A3A1757003C02F2 /* Build configuration list for PBXNativeTarget "trapPuzzler3" */ = {
			isa = XCConfigurationList;
			buildConfigurations = (
				E4B69B600A3A1757003C02F2 /* Debug */,
				E4B69B610A3A1757003C02F2 /* Release */,
			);
			defaultConfigurationIsVisible = 0;
			defaultConfigurationName = Release;
		};
/* End XCConfigurationList section */
	};
	rootObject = E4B69B4C0A3A1720003C02F2 /* Project object */;
}
